
Microsoft Visual Studio Solution File, Format Version 12.00
# Visual Studio 15
VisualStudioVersion = 15.0.28307.421
MinimumVisualStudioVersion = 10.0.40219.1
Project("{FAE04EC0-301F-11D3-BF4B-00C04F79EFBC}") = "C0725030_C0730227", "C0725030_C0730227\C0725030_C0730227.csproj", "{F27DE527-D2C8-426A-A8FF-BFAB3894654C}"
EndProject
Global
	GlobalSection(SolutionConfigurationPlatforms) = preSolution
		Debug|Any CPU = Debug|Any CPU
		Release|Any CPU = Release|Any CPU
	EndGlobalSection
	GlobalSection(ProjectConfigurationPlatforms) = postSolution
		{F27DE527-D2C8-426A-A8FF-BFAB3894654C}.Debug|Any CPU.ActiveCfg = Debug|Any CPU
		{F27DE527-D2C8-426A-A8FF-BFAB3894654C}.Debug|Any CPU.Build.0 = Debug|Any CPU
		{F27DE527-D2C8-426A-A8FF-BFAB3894654C}.Release|Any CPU.ActiveCfg = Release|Any CPU
		{F27DE527-D2C8-426A-A8FF-BFAB3894654C}.Release|Any CPU.Build.0 = Release|Any CPU
	EndGlobalSection
	GlobalSection(SolutionProperties) = preSolution
		HideSolutionNode = FALSE
	EndGlobalSection
	GlobalSection(ExtensibilityGlobals) = postSolution
		SolutionGuid = {90D7F394-81E4-4B3E-9371-B1003E0DB2DF}
	EndGlobalSection
EndGlobal
